PODS:
  - HHYFMBase/Category (0.2.0)
  - HHYFMMain (0.1.0):
    - HHYFMBase/Category

DEPENDENCIES:
  - HHYFMMain (from `../`)

SPEC REPOS:
  https://github.com/HuiYouHua/HHYSpecs.git:
    - HHYFMBase

EXTERNAL SOURCES:
  HHYFMMain:
    :path: "../"

SPEC CHECKSUMS:
  HHYFMBase: 5a1e818d14693f71a88020d0af280e0f098073e0
  HHYFMMain: 3ea2be6dbd65ecf97e775127559e0b12f52244e1

PODFILE CHECKSUM: bf4f68fdf0d4ad345cf96165492faefa9ce17ef6

COCOAPODS: 1.9.1
